{
  "originHash" : "a3ff8c03378979cb0cb9b8c7f42b4f92b7b5fba4f3823ca8a3ee8a69e33ca83b",
  "pins" : [
    {
      "identity" : "patchouli-core",
      "kind" : "remoteSourceControl",
      "location" : "https://github.com/alexhunsley/patchouli-core",
      "state" : {
        "revision" : "0c9f966ebaf64ca6fdb7f9ab91c34baf4917caad",
        "version" : "0.9.0"
      }
    },
    {
      "identity" : "swift-jsonpatch",
      "kind" : "remoteSourceControl",
      "location" : "https://github.com/raymccrae/swift-jsonpatch",
      "state" : {
        "revision" : "1eb12363c1ee681712d2a42d2ee6f0322f92cf31",
        "version" : "1.0.6"
      }
    }
  ],
  "version" : 3
}
